{
    "name": "@acme/github",
    "lockfileVersion": 3,
    "requires": true,
    "packages": {
        "": {
            "name": "@acme/github",
            "dependencies": {
                "@acme/github": "file:"
            }
        },
        "node_modules/@acme/github": {
            "resolved": "",
            "link": true
        }
    }
}
